
Microsoft Visual Studio Solution File, Format Version 12.00
# Visual Studio Version 17
VisualStudioVersion = 17.5.002.0
MinimumVisualStudioVersion = 10.0.40219.1
Project("{9A19103F-16F7-4668-BE54-9A1E7A4F7556}") = "dojosurveymvc", "dojosurveymvc.csproj", "{80752625-0728-47C5-B632-283A6DADAA72}"
EndProject
Global
	GlobalSection(SolutionConfigurationPlatforms) = preSolution
		Debug|Any CPU = Debug|Any CPU
		Release|Any CPU = Release|Any CPU
	EndGlobalSection
	GlobalSection(ProjectConfigurationPlatforms) = postSolution
		{80752625-0728-47C5-B632-283A6DADAA72}.Debug|Any CPU.ActiveCfg = Debug|Any CPU
		{80752625-0728-47C5-B632-283A6DADAA72}.Debug|Any CPU.Build.0 = Debug|Any CPU
		{80752625-0728-47C5-B632-283A6DADAA72}.Release|Any CPU.ActiveCfg = Release|Any CPU
		{80752625-0728-47C5-B632-283A6DADAA72}.Release|Any CPU.Build.0 = Release|Any CPU
	EndGlobalSection
	GlobalSection(SolutionProperties) = preSolution
		HideSolutionNode = FALSE
	EndGlobalSection
	GlobalSection(ExtensibilityGlobals) = postSolution
		SolutionGuid = {4271794E-3A56-46B5-BDFE-D3D692D83B52}
	EndGlobalSection
EndGlobal
